[[package]]
category = "main"
description = "Brython is an implementation of Python 3 running in the browser"
name = "brython"
optional = false
python-versions = "*"
version = "3.8.7"

[[package]]
category = "main"
description = "Python LiveReload is an awesome tool for web developers"
name = "livereload"
optional = false
python-versions = "*"
version = "2.6.1"

[package.dependencies]
six = "*"
tornado = "*"

[[package]]
category = "main"
description = "Python 2 and 3 compatibility utilities"
name = "six"
optional = false
python-versions = ">=2.7, !=3.0.*, !=3.1.*, !=3.2.*"
version = "1.14.0"

[[package]]
category = "main"
description = "Tornado is a Python web framework and asynchronous networking library, originally developed at FriendFeed."
name = "tornado"
optional = false
python-versions = ">= 3.5"
version = "6.0.3"

[metadata]
content-hash = "abd23035e59ff90a9dbafc9d56f4d405449f7134f13982e49d662306b7ea6f05"
python-versions = "^3.7"

[metadata.files]
brython = [
    {file = "brython-3.8.7-py3.8.egg", hash = "sha256:5847892487e554f9fa43a084587dc9f2476f853419b9d4784612cb73095d44a8"},
    {file = "brython-3.8.7.tar.gz", hash = "sha256:18573061284ee3579d1dda91cddcdb5be8e9b142d669ccab7725910ad04ecd92"},
]
livereload = [
    {file = "livereload-2.6.1-py2.py3-none-any.whl", hash = "sha256:78d55f2c268a8823ba499305dcac64e28ddeb9a92571e12d543cd304faf5817b"},
    {file = "livereload-2.6.1.tar.gz", hash = "sha256:89254f78d7529d7ea0a3417d224c34287ebfe266b05e67e51facaf82c27f0f66"},
]
six = [
    {file = "six-1.14.0-py2.py3-none-any.whl", hash = "sha256:8f3cd2e254d8f793e7f3d6d9df77b92252b52637291d0f0da013c76ea2724b6c"},
    {file = "six-1.14.0.tar.gz", hash = "sha256:236bdbdce46e6e6a3d61a337c0f8b763ca1e8717c03b369e87a7ec7ce1319c0a"},
]
tornado = [
    {file = "tornado-6.0.3-cp35-cp35m-win32.whl", hash = "sha256:c9399267c926a4e7c418baa5cbe91c7d1cf362d505a1ef898fde44a07c9dd8a5"},
    {file = "tornado-6.0.3-cp35-cp35m-win_amd64.whl", hash = "sha256:398e0d35e086ba38a0427c3b37f4337327231942e731edaa6e9fd1865bbd6f60"},
    {file = "tornado-6.0.3-cp36-cp36m-win32.whl", hash = "sha256:4e73ef678b1a859f0cb29e1d895526a20ea64b5ffd510a2307b5998c7df24281"},
    {file = "tornado-6.0.3-cp36-cp36m-win_amd64.whl", hash = "sha256:349884248c36801afa19e342a77cc4458caca694b0eda633f5878e458a44cb2c"},
    {file = "tornado-6.0.3-cp37-cp37m-win32.whl", hash = "sha256:559bce3d31484b665259f50cd94c5c28b961b09315ccd838f284687245f416e5"},
    {file = "tornado-6.0.3-cp37-cp37m-win_amd64.whl", hash = "sha256:abbe53a39734ef4aba061fca54e30c6b4639d3e1f59653f0da37a0003de148c7"},
    {file = "tornado-6.0.3.tar.gz", hash = "sha256:c845db36ba616912074c5b1ee897f8e0124df269468f25e4fe21fe72f6edd7a9"},
]
